
Microsoft Visual Studio Solution File, Format Version 12.00
# Visual Studio 15
VisualStudioVersion = 15.0.26124.0
MinimumVisualStudioVersion = 15.0.26124.0
Project("{2150E333-8FDC-42A3-9474-1A3956D46DE8}") = "src", "src", "{8DB9D12E-EEF2-4983-8398-9DF843DC1939}"
EndProject
Project("{FAE04EC0-301F-11D3-BF4B-00C04F79EFBC}") = "TokenContracts", "src\TokenContracts\TokenContracts.csproj", "{37A0DE16-F8E6-4B65-A1E7-B16E3B365AE0}"
EndProject
Project("{FAE04EC0-301F-11D3-BF4B-00C04F79EFBC}") = "TokenGatewayApi", "src\TokenGatewayApi\TokenGatewayApi.csproj", "{929D02AA-6D23-4239-AAE9-A3ED93573BAD}"
EndProject
Project("{FAE04EC0-301F-11D3-BF4B-00C04F79EFBC}") = "TokenValidationService", "src\TokenValidationService\TokenValidationService.csproj", "{13D19378-7C42-4848-961E-F5E73BEA6549}"
EndProject
Global
	GlobalSection(SolutionConfigurationPlatforms) = preSolution
		Debug|Any CPU = Debug|Any CPU
		Debug|x64 = Debug|x64
		Debug|x86 = Debug|x86
		Release|Any CPU = Release|Any CPU
		Release|x64 = Release|x64
		Release|x86 = Release|x86
	EndGlobalSection
	GlobalSection(SolutionProperties) = preSolution
		HideSolutionNode = FALSE
	EndGlobalSection
	GlobalSection(ProjectConfigurationPlatforms) = postSolution
		{37A0DE16-F8E6-4B65-A1E7-B16E3B365AE0}.Debug|Any CPU.ActiveCfg = Debug|Any CPU
		{37A0DE16-F8E6-4B65-A1E7-B16E3B365AE0}.Debug|Any CPU.Build.0 = Debug|Any CPU
		{37A0DE16-F8E6-4B65-A1E7-B16E3B365AE0}.Debug|x64.ActiveCfg = Debug|Any CPU
		{37A0DE16-F8E6-4B65-A1E7-B16E3B365AE0}.Debug|x64.Build.0 = Debug|Any CPU
		{37A0DE16-F8E6-4B65-A1E7-B16E3B365AE0}.Debug|x86.ActiveCfg = Debug|Any CPU
		{37A0DE16-F8E6-4B65-A1E7-B16E3B365AE0}.Debug|x86.Build.0 = Debug|Any CPU
		{37A0DE16-F8E6-4B65-A1E7-B16E3B365AE0}.Release|Any CPU.ActiveCfg = Release|Any CPU
		{37A0DE16-F8E6-4B65-A1E7-B16E3B365AE0}.Release|Any CPU.Build.0 = Release|Any CPU
		{37A0DE16-F8E6-4B65-A1E7-B16E3B365AE0}.Release|x64.ActiveCfg = Release|Any CPU
		{37A0DE16-F8E6-4B65-A1E7-B16E3B365AE0}.Release|x64.Build.0 = Release|Any CPU
		{37A0DE16-F8E6-4B65-A1E7-B16E3B365AE0}.Release|x86.ActiveCfg = Release|Any CPU
		{37A0DE16-F8E6-4B65-A1E7-B16E3B365AE0}.Release|x86.Build.0 = Release|Any CPU
		{929D02AA-6D23-4239-AAE9-A3ED93573BAD}.Debug|Any CPU.ActiveCfg = Debug|Any CPU
		{929D02AA-6D23-4239-AAE9-A3ED93573BAD}.Debug|Any CPU.Build.0 = Debug|Any CPU
		{929D02AA-6D23-4239-AAE9-A3ED93573BAD}.Debug|x64.ActiveCfg = Debug|Any CPU
		{929D02AA-6D23-4239-AAE9-A3ED93573BAD}.Debug|x64.Build.0 = Debug|Any CPU
		{929D02AA-6D23-4239-AAE9-A3ED93573BAD}.Debug|x86.ActiveCfg = Debug|Any CPU
		{929D02AA-6D23-4239-AAE9-A3ED93573BAD}.Debug|x86.Build.0 = Debug|Any CPU
		{929D02AA-6D23-4239-AAE9-A3ED93573BAD}.Release|Any CPU.ActiveCfg = Release|Any CPU
		{929D02AA-6D23-4239-AAE9-A3ED93573BAD}.Release|Any CPU.Build.0 = Release|Any CPU
		{929D02AA-6D23-4239-AAE9-A3ED93573BAD}.Release|x64.ActiveCfg = Release|Any CPU
		{929D02AA-6D23-4239-AAE9-A3ED93573BAD}.Release|x64.Build.0 = Release|Any CPU
		{929D02AA-6D23-4239-AAE9-A3ED93573BAD}.Release|x86.ActiveCfg = Release|Any CPU
		{929D02AA-6D23-4239-AAE9-A3ED93573BAD}.Release|x86.Build.0 = Release|Any CPU
		{13D19378-7C42-4848-961E-F5E73BEA6549}.Debug|Any CPU.ActiveCfg = Debug|Any CPU
		{13D19378-7C42-4848-961E-F5E73BEA6549}.Debug|Any CPU.Build.0 = Debug|Any CPU
		{13D19378-7C42-4848-961E-F5E73BEA6549}.Debug|x64.ActiveCfg = Debug|Any CPU
		{13D19378-7C42-4848-961E-F5E73BEA6549}.Debug|x64.Build.0 = Debug|Any CPU
		{13D19378-7C42-4848-961E-F5E73BEA6549}.Debug|x86.ActiveCfg = Debug|Any CPU
		{13D19378-7C42-4848-961E-F5E73BEA6549}.Debug|x86.Build.0 = Debug|Any CPU
		{13D19378-7C42-4848-961E-F5E73BEA6549}.Release|Any CPU.ActiveCfg = Release|Any CPU
		{13D19378-7C42-4848-961E-F5E73BEA6549}.Release|Any CPU.Build.0 = Release|Any CPU
		{13D19378-7C42-4848-961E-F5E73BEA6549}.Release|x64.ActiveCfg = Release|Any CPU
		{13D19378-7C42-4848-961E-F5E73BEA6549}.Release|x64.Build.0 = Release|Any CPU
		{13D19378-7C42-4848-961E-F5E73BEA6549}.Release|x86.ActiveCfg = Release|Any CPU
		{13D19378-7C42-4848-961E-F5E73BEA6549}.Release|x86.Build.0 = Release|Any CPU
	EndGlobalSection
	GlobalSection(NestedProjects) = preSolution
		{37A0DE16-F8E6-4B65-A1E7-B16E3B365AE0} = {8DB9D12E-EEF2-4983-8398-9DF843DC1939}
		{929D02AA-6D23-4239-AAE9-A3ED93573BAD} = {8DB9D12E-EEF2-4983-8398-9DF843DC1939}
		{13D19378-7C42-4848-961E-F5E73BEA6549} = {8DB9D12E-EEF2-4983-8398-9DF843DC1939}
	EndGlobalSection
EndGlobal
